
Microsoft Visual Studio Solution File, Format Version 12.00
# Visual Studio Version 17
VisualStudioVersion = 17.4.33205.214
MinimumVisualStudioVersion = 10.0.40219.1
Project("{FAE04EC0-301F-11D3-BF4B-00C04F79EFBC}") = "FridaySharp", "FridaySharp\FridaySharp.csproj", "{82C406FF-300A-4BEA-AEA1-D8A4F5914200}"
EndProject
Global
	GlobalSection(SolutionConfigurationPlatforms) = preSolution
		Debug|Any CPU = Debug|Any CPU
		Release|Any CPU = Release|Any CPU
	EndGlobalSection
	GlobalSection(ProjectConfigurationPlatforms) = postSolution
		{82C406FF-300A-4BEA-AEA1-D8A4F5914200}.Debug|Any CPU.ActiveCfg = Debug|Any CPU
		{82C406FF-300A-4BEA-AEA1-D8A4F5914200}.Debug|Any CPU.Build.0 = Debug|Any CPU
		{82C406FF-300A-4BEA-AEA1-D8A4F5914200}.Release|Any CPU.ActiveCfg = Release|Any CPU
		{82C406FF-300A-4BEA-AEA1-D8A4F5914200}.Release|Any CPU.Build.0 = Release|Any CPU
	EndGlobalSection
	GlobalSection(SolutionProperties) = preSolution
		HideSolutionNode = FALSE
	EndGlobalSection
	GlobalSection(ExtensibilityGlobals) = postSolution
		SolutionGuid = {84C33C78-76BF-47D0-92EB-04C6E2A63FF8}
	EndGlobalSection
EndGlobal
